// !$*UTF8*$!
{
	archiveVersion = 1;
	classes = {
	};
	objectVersion = 46;
	objects = {

/* Begin PBXBuildFile section */
		E92069861CFC20840025DBC8 /* Graphs.h in Headers */ = {isa = PBXBuildFile; fileRef = E92069851CFC20840025DBC8 /* Graphs.h */; settings = {ATTRIBUTES = (Public, ); }; };
		E920698D1CFC20840025DBC8 /* Graphs.framework in Frameworks */ = {isa = PBXBuildFile; fileRef = E92069821CFC20840025DBC8 /* Graphs.framework */; };
		E92069921CFC20840025DBC8 /* GraphsTests.swift in Sources */ = {isa = PBXBuildFile; fileRef = E92069911CFC20840025DBC8 /* GraphsTests.swift */; };
		E920699D1CFC20D00025DBC8 /* Graph.swift in Sources */ = {isa = PBXBuildFile; fileRef = E920699C1CFC20D00025DBC8 /* Graph.swift */; };
		E9428EEF1D0168F400DBFBD9 /* LineGraphView.swift in Sources */ = {isa = PBXBuildFile; fileRef = E9428EEE1D0168F400DBFBD9 /* LineGraphView.swift */; };
		E955F4C91CFE73B6006E9D25 /* GraphView.swift in Sources */ = {isa = PBXBuildFile; fileRef = E955F4C81CFE73B6006E9D25 /* GraphView.swift */; };
		E96B3C5C1D011DC8006D5FD9 /* BarGraphView.swift in Sources */ = {isa = PBXBuildFile; fileRef = E96B3C5B1D011DC8006D5FD9 /* BarGraphView.swift */; };
		E97752211D095676008AB30A /* MultiBarGraphView.swift in Sources */ = {isa = PBXBuildFile; fileRef = E97752201D095676008AB30A /* MultiBarGraphView.swift */; };
		E984B7B21CFD282700E2C834 /* GraphsExtensions.swift in Sources */ = {isa = PBXBuildFile; fileRef = E984B7B11CFD282700E2C834 /* GraphsExtensions.swift */; };
		E984B7B41CFD303000E2C834 /* Nimble.framework in Frameworks */ = {isa = PBXBuildFile; fileRef = E984B7B31CFD303000E2C834 /* Nimble.framework */; };
		E984B7B61CFD303C00E2C834 /* Quick.framework in Frameworks */ = {isa = PBXBuildFile; fileRef = E984B7B51CFD303C00E2C834 /* Quick.framework */; };
		E9AF3B6F1D068A0E00F0B18B /* PieGraphView.swift in Sources */ = {isa = PBXBuildFile; fileRef = E9AF3B6E1D068A0E00F0B18B /* PieGraphView.swift */; };
		E9E79B191D10FAC60000FEE7 /* Graph.swift in Headers */ = {isa = PBXBuildFile; fileRef = E920699C1CFC20D00025DBC8 /* Graph.swift */; settings = {ATTRIBUTES = (Public, ); }; };
		E9E79B1A1D10FAC60000FEE7 /* GraphView.swift in Headers */ = {isa = PBXBuildFile; fileRef = E955F4C81CFE73B6006E9D25 /* GraphView.swift */; settings = {ATTRIBUTES = (Public, ); }; };
		E9E79B1B1D10FAC60000FEE7 /* BarGraphView.swift in Headers */ = {isa = PBXBuildFile; fileRef = E96B3C5B1D011DC8006D5FD9 /* BarGraphView.swift */; };
		E9E79B1C1D10FAC60000FEE7 /* LineGraphView.swift in Headers */ = {isa = PBXBuildFile; fileRef = E9428EEE1D0168F400DBFBD9 /* LineGraphView.swift */; };
		E9E79B1D1D10FAC60000FEE7 /* PieGraphView.swift in Headers */ = {isa = PBXBuildFile; fileRef = E9AF3B6E1D068A0E00F0B18B /* PieGraphView.swift */; };
		E9E79B1E1D10FAC60000FEE7 /* MultiBarGraphView.swift in Headers */ = {isa = PBXBuildFile; fileRef = E97752201D095676008AB30A /* MultiBarGraphView.swift */; };
		E9E79B1F1D10FAC60000FEE7 /* GraphsExtensions.swift in Headers */ = {isa = PBXBuildFile; fileRef = E984B7B11CFD282700E2C834 /* GraphsExtensions.swift */; settings = {ATTRIBUTES = (Public, ); }; };
/* End PBXBuildFile section */

/* Begin PBXContainerItemProxy section */
		E920698E1CFC20840025DBC8 /* PBXContainerItemProxy */ = {
			isa = PBXContainerItemProxy;
			containerPortal = E92069791CFC20840025DBC8 /* Project object */;
			proxyType = 1;
			remoteGlobalIDString = E92069811CFC20840025DBC8;
			remoteInfo = Graphs;
		};
/* End PBXContainerItemProxy section */

/* Begin PBXFileReference section */
		E92069821CFC20840025DBC8 /* Graphs.framework */ = {isa = PBXFileReference; explicitFileType = wrapper.framework; includeInIndex = 0; path = Graphs.framework; sourceTree = BUILT_PRODUCTS_DIR; };
		E92069851CFC20840025DBC8 /* Graphs.h */ = {isa = PBXFileReference; lastKnownFileType = sourcecode.c.h; path = Graphs.h; sourceTree = "<group>"; };
		E92069871CFC20840025DBC8 /* Info.plist */ = {isa = PBXFileReference; lastKnownFileType = text.plist.xml; path = Info.plist; sourceTree = "<group>"; };
		E920698C1CFC20840025DBC8 /* GraphsTests.xctest */ = {isa = PBXFileReference; explicitFileType = wrapper.cfbundle; includeInIndex = 0; path = GraphsTests.xctest; sourceTree = BUILT_PRODUCTS_DIR; };
		E92069911CFC20840025DBC8 /* GraphsTests.swift */ = {isa = PBXFileReference; lastKnownFileType = sourcecode.swift; path = GraphsTests.swift; sourceTree = "<group>"; };
		E92069931CFC20840025DBC8 /* Info.plist */ = {isa = PBXFileReference; lastKnownFileType = text.plist.xml; path = Info.plist; sourceTree = "<group>"; };
		E920699C1CFC20D00025DBC8 /* Graph.swift */ = {isa = PBXFileReference; fileEncoding = 4; lastKnownFileType = sourcecode.swift; path = Graph.swift; sourceTree = "<group>"; };
		E9428EEE1D0168F400DBFBD9 /* LineGraphView.swift */ = {isa = PBXFileReference; fileEncoding = 4; lastKnownFileType = sourcecode.swift; path = LineGraphView.swift; sourceTree = "<group>"; };
		E955F4C81CFE73B6006E9D25 /* GraphView.swift */ = {isa = PBXFileReference; fileEncoding = 4; lastKnownFileType = sourcecode.swift; path = GraphView.swift; sourceTree = "<group>"; };
		E96B3C5B1D011DC8006D5FD9 /* BarGraphView.swift */ = {isa = PBXFileReference; fileEncoding = 4; lastKnownFileType = sourcecode.swift; path = BarGraphView.swift; sourceTree = "<group>"; };
		E97752201D095676008AB30A /* MultiBarGraphView.swift */ = {isa = PBXFileReference; fileEncoding = 4; lastKnownFileType = sourcecode.swift; path = MultiBarGraphView.swift; sourceTree = "<group>"; };
		E984B7B11CFD282700E2C834 /* GraphsExtensions.swift */ = {isa = PBXFileReference; fileEncoding = 4; lastKnownFileType = sourcecode.swift; path = GraphsExtensions.swift; sourceTree = "<group>"; };
		E984B7B31CFD303000E2C834 /* Nimble.framework */ = {isa = PBXFileReference; lastKnownFileType = wrapper.framework; name = Nimble.framework; path = Carthage/Build/iOS/Nimble.framework; sourceTree = "<group>"; };
		E984B7B51CFD303C00E2C834 /* Quick.framework */ = {isa = PBXFileReference; lastKnownFileType = wrapper.framework; name = Quick.framework; path = Carthage/Build/iOS/Quick.framework; sourceTree = "<group>"; };
		E9AF3B6E1D068A0E00F0B18B /* PieGraphView.swift */ = {isa = PBXFileReference; fileEncoding = 4; lastKnownFileType = sourcecode.swift; path = PieGraphView.swift; sourceTree = "<group>"; };
/* End PBXFileReference section */

/* Begin PBXFrameworksBuildPhase section */
		E920697E1CFC20840025DBC8 /* Frameworks */ = {
			isa = PBXFrameworksBuildPhase;
			buildActionMask = 2147483647;
			files = (
			);
			runOnlyForDeploymentPostprocessing = 0;
		};
		E92069891CFC20840025DBC8 /* Frameworks */ = {
			isa = PBXFrameworksBuildPhase;
			buildActionMask = 2147483647;
			files = (
				E984B7B61CFD303C00E2C834 /* Quick.framework in Frameworks */,
				E984B7B41CFD303000E2C834 /* Nimble.framework in Frameworks */,
				E920698D1CFC20840025DBC8 /* Graphs.framework in Frameworks */,
			);
			runOnlyForDeploymentPostprocessing = 0;
		};
/* End PBXFrameworksBuildPhase section */

/* Begin PBXGroup section */
		E92069781CFC20840025DBC8 = {
			isa = PBXGroup;
			children = (
				E92069841CFC20840025DBC8 /* Graphs */,
				E92069901CFC20840025DBC8 /* GraphsTests */,
				E955F4CA1CFE77D1006E9D25 /* Frameworks */,
				E92069831CFC20840025DBC8 /* Products */,
			);
			sourceTree = "<group>";
		};
		E92069831CFC20840025DBC8 /* Products */ = {
			isa = PBXGroup;
			children = (
				E92069821CFC20840025DBC8 /* Graphs.framework */,
				E920698C1CFC20840025DBC8 /* GraphsTests.xctest */,
			);
			name = Products;
			sourceTree = "<group>";
		};
		E92069841CFC20840025DBC8 /* Graphs */ = {
			isa = PBXGroup;
			children = (
				E92069871CFC20840025DBC8 /* Info.plist */,
				E92069851CFC20840025DBC8 /* Graphs.h */,
				E920699C1CFC20D00025DBC8 /* Graph.swift */,
				E955F4C81CFE73B6006E9D25 /* GraphView.swift */,
				E96B3C5B1D011DC8006D5FD9 /* BarGraphView.swift */,
				E9428EEE1D0168F400DBFBD9 /* LineGraphView.swift */,
				E9AF3B6E1D068A0E00F0B18B /* PieGraphView.swift */,
				E97752201D095676008AB30A /* MultiBarGraphView.swift */,
				E984B7B11CFD282700E2C834 /* GraphsExtensions.swift */,
			);
			path = Graphs;
			sourceTree = "<group>";
		};
		E92069901CFC20840025DBC8 /* GraphsTests */ = {
			isa = PBXGroup;
			children = (
				E92069911CFC20840025DBC8 /* GraphsTests.swift */,
				E92069931CFC20840025DBC8 /* Info.plist */,
			);
			path = GraphsTests;
			sourceTree = "<group>";
		};
		E955F4CA1CFE77D1006E9D25 /* Frameworks */ = {
			isa = PBXGroup;
			children = (
				E984B7B51CFD303C00E2C834 /* Quick.framework */,
				E984B7B31CFD303000E2C834 /* Nimble.framework */,
			);
			name = Frameworks;
			sourceTree = "<group>";
		};
/* End PBXGroup section */

/* Begin PBXHeadersBuildPhase section */
		E920697F1CFC20840025DBC8 /* Headers */ = {
			isa = PBXHeadersBuildPhase;
			buildActionMask = 2147483647;
			files = (
				E92069861CFC20840025DBC8 /* Graphs.h in Headers */,
				E9E79B191D10FAC60000FEE7 /* Graph.swift in Headers */,
				E9E79B1A1D10FAC60000FEE7 /* GraphView.swift in Headers */,
				E9E79B1F1D10FAC60000FEE7 /* GraphsExtensions.swift in Headers */,
				E9E79B1B1D10FAC60000FEE7 /* BarGraphView.swift in Headers */,
				E9E79B1C1D10FAC60000FEE7 /* LineGraphView.swift in Headers */,
				E9E79B1D1D10FAC60000FEE7 /* PieGraphView.swift in Headers */,
				E9E79B1E1D10FAC60000FEE7 /* MultiBarGraphView.swift in Headers */,
			);
			runOnlyForDeploymentPostprocessing = 0;
		};
/* End PBXHeadersBuildPhase section */

/* Begin PBXNativeTarget section */
		E92069811CFC20840025DBC8 /* Graphs */ = {
			isa = PBXNativeTarget;
			buildConfigurationList = E92069961CFC20840025DBC8 /* Build configuration list for PBXNativeTarget "Graphs" */;
			buildPhases = (
				E920697D1CFC20840025DBC8 /* Sources */,
				E920697E1CFC20840025DBC8 /* Frameworks */,
				E920697F1CFC20840025DBC8 /* Headers */,
				E92069801CFC20840025DBC8 /* Resources */,
			);
			buildRules = (
			);
			dependencies = (
			);
			name = Graphs;
			productName = Graphs;
			productReference = E92069821CFC20840025DBC8 /* Graphs.framework */;
			productType = "com.apple.product-type.framework";
		};
		E920698B1CFC20840025DBC8 /* GraphsTests */ = {
			isa = PBXNativeTarget;
			buildConfigurationList = E92069991CFC20840025DBC8 /* Build configuration list for PBXNativeTarget "GraphsTests" */;
			buildPhases = (
				E92069881CFC20840025DBC8 /* Sources */,
				E92069891CFC20840025DBC8 /* Frameworks */,
				E920698A1CFC20840025DBC8 /* Resources */,
			);
			buildRules = (
			);
			dependencies = (
				E920698F1CFC20840025DBC8 /* PBXTargetDependency */,
			);
			name = GraphsTests;
			productName = GraphsTests;
			productReference = E920698C1CFC20840025DBC8 /* GraphsTests.xctest */;
			productType = "com.apple.product-type.bundle.unit-test";
		};
/* End PBXNativeTarget section */

/* Begin PBXProject section */
		E92069791CFC20840025DBC8 /* Project object */ = {
			isa = PBXProject;
			attributes = {
				LastSwiftUpdateCheck = 0730;
				LastUpgradeCheck = 0730;
				ORGANIZATIONNAME = "Recruit Holdings Co., Ltd.";
				TargetAttributes = {
					E92069811CFC20840025DBC8 = {
						CreatedOnToolsVersion = 7.3.1;
					};
					E920698B1CFC20840025DBC8 = {
						CreatedOnToolsVersion = 7.3.1;
					};
				};
			};
			buildConfigurationList = E920697C1CFC20840025DBC8 /* Build configuration list for PBXProject "Graphs" */;
			compatibilityVersion = "Xcode 3.2";
			developmentRegion = English;
			hasScannedForEncodings = 0;
			knownRegions = (
				en,
			);
			mainGroup = E92069781CFC20840025DBC8;
			productRefGroup = E92069831CFC20840025DBC8 /* Products */;
			projectDirPath = "";
			projectRoot = "";
			targets = (
				E92069811CFC20840025DBC8 /* Graphs */,
				E920698B1CFC20840025DBC8 /* GraphsTests */,
			);
		};
/* End PBXProject section */

/* Begin PBXResourcesBuildPhase section */
		E92069801CFC20840025DBC8 /* Resources */ = {
			isa = PBXResourcesBuildPhase;
			buildActionMask = 2147483647;
			files = (
			);
			runOnlyForDeploymentPostprocessing = 0;
		};
		E920698A1CFC20840025DBC8 /* Resources */ = {
			isa = PBXResourcesBuildPhase;
			buildActionMask = 2147483647;
			files = (
			);
			runOnlyForDeploymentPostprocessing = 0;
		};
/* End PBXResourcesBuildPhase section */

/* Begin PBXSourcesBuildPhase section */
		E920697D1CFC20840025DBC8 /* Sources */ = {
			isa = PBXSourcesBuildPhase;
			buildActionMask = 2147483647;
			files = (
				E984B7B21CFD282700E2C834 /* GraphsExtensions.swift in Sources */,
				E9428EEF1D0168F400DBFBD9 /* LineGraphView.swift in Sources */,
				E920699D1CFC20D00025DBC8 /* Graph.swift in Sources */,
				E955F4C91CFE73B6006E9D25 /* GraphView.swift in Sources */,
				E9AF3B6F1D068A0E00F0B18B /* PieGraphView.swift in Sources */,
				E96B3C5C1D011DC8006D5FD9 /* BarGraphView.swift in Sources */,
				E97752211D095676008AB30A /* MultiBarGraphView.swift in Sources */,
			);
			runOnlyForDeploymentPostprocessing = 0;
		};
		E92069881CFC20840025DBC8 /* Sources */ = {
			isa = PBXSourcesBuildPhase;
			buildActionMask = 2147483647;
			files = (
				E92069921CFC20840025DBC8 /* GraphsTests.swift in Sources */,
			);
			runOnlyForDeploymentPostprocessing = 0;
		};
/* End PBXSourcesBuildPhase section */

/* Begin PBXTargetDependency section */
		E920698F1CFC20840025DBC8 /* PBXTargetDependency */ = {
			isa = PBXTargetDependency;
			target = E92069811CFC20840025DBC8 /* Graphs */;
			targetProxy = E920698E1CFC20840025DBC8 /* PBXContainerItemProxy */;
		};
/* End PBXTargetDependency section */

/* Begin XCBuildConfiguration section */
		E92069941CFC20840025DBC8 /* Debug */ = {
			isa = XCBuildConfiguration;
			buildSettings = {
				ALWAYS_SEARCH_USER_PATHS = NO;
				CLANG_ANALYZER_NONNULL = YES;
				CLANG_CXX_LANGUAGE_STANDARD = "gnu++0x";
				CLANG_CXX_LIBRARY = "libc++";
				CLANG_ENABLE_MODULES = YES;
				CLANG_ENABLE_OBJC_ARC = YES;
				CLANG_WARN_BOOL_CONVERSION = YES;
				CLANG_WARN_CONSTANT_CONVERSION = YES;
				CLANG_WARN_DIRECT_OBJC_ISA_USAGE = YES_ERROR;
				CLANG_WARN_EMPTY_BODY = YES;
				CLANG_WARN_ENUM_CONVERSION = YES;
				CLANG_WARN_INT_CONVERSION = YES;
				CLANG_WARN_OBJC_ROOT_CLASS = YES_ERROR;
				CLANG_WARN_UNREACHABLE_CODE = YES;
				CLANG_WARN__DUPLICATE_METHOD_MATCH = YES;
				"CODE_SIGN_IDENTITY[sdk=iphoneos*]" = "iPhone Developer";
				COPY_PHASE_STRIP = NO;
				CURRENT_PROJECT_VERSION = 1;
				DEBUG_INFORMATION_FORMAT = dwarf;
				ENABLE_STRICT_OBJC_MSGSEND = YES;
				ENABLE_TESTABILITY = YES;
				GCC_C_LANGUAGE_STANDARD = gnu99;
				GCC_DYNAMIC_NO_PIC = NO;
				GCC_NO_COMMON_BLOCKS = YES;
				GCC_OPTIMIZATION_LEVEL = 0;
				GCC_PREPROCESSOR_DEFINITIONS = (
					"DEBUG=1",
					"$(inherited)",
				);
				GCC_WARN_64_TO_32_BIT_CONVERSION = YES;
				GCC_WARN_ABOUT_RETURN_TYPE = YES_ERROR;
				GCC_WARN_UNDECLARED_SELECTOR = YES;
				GCC_WARN_UNINITIALIZED_AUTOS = YES_AGGRESSIVE;
				GCC_WARN_UNUSED_FUNCTION = YES;
				GCC_WARN_UNUSED_VARIABLE = YES;
				IPHONEOS_DEPLOYMENT_TARGET = 9.3;
				MTL_ENABLE_DEBUG_INFO = YES;
				ONLY_ACTIVE_ARCH = YES;
				SDKROOT = iphoneos;
				SWIFT_OPTIMIZATION_LEVEL = "-Onone";
				TARGETED_DEVICE_FAMILY = "1,2";
				VERSIONING_SYSTEM = "apple-generic";
				VERSION_INFO_PREFIX = "";
			};
			name = Debug;
		};
		E92069951CFC20840025DBC8 /* Release */ = {
			isa = XCBuildConfiguration;
			buildSettings = {
				ALWAYS_SEARCH_USER_PATHS = NO;
				CLANG_ANALYZER_NONNULL = YES;
				CLANG_CXX_LANGUAGE_STANDARD = "gnu++0x";
				CLANG_CXX_LIBRARY = "libc++";
				CLANG_ENABLE_MODULES = YES;
				CLANG_ENABLE_OBJC_ARC = YES;
				CLANG_WARN_BOOL_CONVERSION = YES;
				CLANG_WARN_CONSTANT_CONVERSION = YES;
				CLANG_WARN_DIRECT_OBJC_ISA_USAGE = YES_ERROR;
				CLANG_WARN_EMPTY_BODY = YES;
				CLANG_WARN_ENUM_CONVERSION = YES;
				CLANG_WARN_INT_CONVERSION = YES;
				CLANG_WARN_OBJC_ROOT_CLASS = YES_ERROR;
				CLANG_WARN_UNREACHABLE_CODE = YES;
				CLANG_WARN__DUPLICATE_METHOD_MATCH = YES;
				"CODE_SIGN_IDENTITY[sdk=iphoneos*]" = "iPhone Developer";
				COPY_PHASE_STRIP = NO;
				CURRENT_PROJECT_VERSION = 1;
				DEBUG_INFORMATION_FORMAT = "dwarf-with-dsym";
				ENABLE_NS_ASSERTIONS = NO;
				ENABLE_STRICT_OBJC_MSGSEND = YES;
				GCC_C_LANGUAGE_STANDARD = gnu99;
				GCC_NO_COMMON_BLOCKS = YES;
				GCC_WARN_64_TO_32_BIT_CONVERSION = YES;
				GCC_WARN_ABOUT_RETURN_TYPE = YES_ERROR;
				GCC_WARN_UNDECLARED_SELECTOR = YES;
				GCC_WARN_UNINITIALIZED_AUTOS = YES_AGGRESSIVE;
				GCC_WARN_UNUSED_FUNCTION = YES;
				GCC_WARN_UNUSED_VARIABLE = YES;
				IPHONEOS_DEPLOYMENT_TARGET = 9.3;
				MTL_ENABLE_DEBUG_INFO = NO;
				SDKROOT = iphoneos;
				TARGETED_DEVICE_FAMILY = "1,2";
				VALIDATE_PRODUCT = YES;
				VERSIONING_SYSTEM = "apple-generic";
				VERSION_INFO_PREFIX = "";
			};
			name = Release;
		};
		E92069971CFC20840025DBC8 /* Debug */ = {
			isa = XCBuildConfiguration;
			buildSettings = {
				CLANG_ENABLE_MODULES = YES;
				DEFINES_MODULE = YES;
				DYLIB_COMPATIBILITY_VERSION = 1;
				DYLIB_CURRENT_VERSION = 1;
				DYLIB_INSTALL_NAME_BASE = "@rpath";
				INFOPLIST_FILE = Graphs/Info.plist;
				INSTALL_PATH = "$(LOCAL_LIBRARY_DIR)/Frameworks";
				IPHONEOS_DEPLOYMENT_TARGET = 8.0;
				LD_RUNPATH_SEARCH_PATHS = "$(inherited) @executable_path/Frameworks @loader_path/Frameworks";
				PRODUCT_BUNDLE_IDENTIFIER = jp.co.recruit.mtl.Graphs;
				PRODUCT_NAME = "$(TARGET_NAME)";
				SKIP_INSTALL = YES;
				SWIFT_OPTIMIZATION_LEVEL = "-Onone";
			};
			name = Debug;
		};
		E92069981CFC20840025DBC8 /* Release */ = {
			isa = XCBuildConfiguration;
			buildSettings = {
				CLANG_ENABLE_MODULES = YES;
				DEFINES_MODULE = YES;
				DYLIB_COMPATIBILITY_VERSION = 1;
				DYLIB_CURRENT_VERSION = 1;
				DYLIB_INSTALL_NAME_BASE = "@rpath";
				INFOPLIST_FILE = Graphs/Info.plist;
				INSTALL_PATH = "$(LOCAL_LIBRARY_DIR)/Frameworks";
				IPHONEOS_DEPLOYMENT_TARGET = 8.0;
				LD_RUNPATH_SEARCH_PATHS = "$(inherited) @executable_path/Frameworks @loader_path/Frameworks";
				PRODUCT_BUNDLE_IDENTIFIER = jp.co.recruit.mtl.Graphs;
				PRODUCT_NAME = "$(TARGET_NAME)";
				SKIP_INSTALL = YES;
			};
			name = Release;
		};
		E920699A1CFC20840025DBC8 /* Debug */ = {
			isa = XCBuildConfiguration;
			buildSettings = {
				FRAMEWORK_SEARCH_PATHS = (
					"$(inherited)",
					"$(PROJECT_DIR)/Carthage/Build/iOS",
				);
				INFOPLIST_FILE = GraphsTests/Info.plist;
				LD_RUNPATH_SEARCH_PATHS = "$(inherited) @executable_path/Frameworks @loader_path/Frameworks";
				PRODUCT_BUNDLE_IDENTIFIER = jp.co.recruit.mtl.GraphsTests;
				PRODUCT_NAME = "$(TARGET_NAME)";
			};
			name = Debug;
		};
		E920699B1CFC20840025DBC8 /* Release */ = {
			isa = XCBuildConfiguration;
			buildSettings = {
				FRAMEWORK_SEARCH_PATHS = (
					"$(inherited)",
					"$(PROJECT_DIR)/Carthage/Build/iOS",
				);
				INFOPLIST_FILE = GraphsTests/Info.plist;
				LD_RUNPATH_SEARCH_PATHS = "$(inherited) @executable_path/Frameworks @loader_path/Frameworks";
				PRODUCT_BUNDLE_IDENTIFIER = jp.co.recruit.mtl.GraphsTests;
				PRODUCT_NAME = "$(TARGET_NAME)";
			};
			name = Release;
		};
/* End XCBuildConfiguration section */

/* Begin XCConfigurationList section */
		E920697C1CFC20840025DBC8 /* Build configuration list for PBXProject "Graphs" */ = {
			isa = XCConfigurationList;
			buildConfigurations = (
				E92069941CFC20840025DBC8 /* Debug */,
				E92069951CFC20840025DBC8 /* Release */,
			);
			defaultConfigurationIsVisible = 0;
			defaultConfigurationName = Release;
		};
		E92069961CFC20840025DBC8 /* Build configuration list for PBXNativeTarget "Graphs" */ = {
			isa = XCConfigurationList;
			buildConfigurations = (
				E92069971CFC20840025DBC8 /* Debug */,
				E92069981CFC20840025DBC8 /* Release */,
			);
			defaultConfigurationIsVisible = 0;
			defaultConfigurationName = Release;
		};
		E92069991CFC20840025DBC8 /* Build configuration list for PBXNativeTarget "GraphsTests" */ = {
			isa = XCConfigurationList;
			buildConfigurations = (
				E920699A1CFC20840025DBC8 /* Debug */,
				E920699B1CFC20840025DBC8 /* Release */,
			);
			defaultConfigurationIsVisible = 0;
			defaultConfigurationName = Release;
		};
/* End XCConfigurationList section */
	};
	rootObject = E92069791CFC20840025DBC8 /* Project object */;
}
